
Microsoft Visual Studio Solution File, Format Version 12.00
# Visual Studio Version 16
VisualStudioVersion = 16.0.29418.71
MinimumVisualStudioVersion = 10.0.40219.1
Project("{FAE04EC0-301F-11D3-BF4B-00C04F79EFBC}") = "slnGym", "slnGym\slnGym.csproj", "{B7135FE5-5A95-4B04-AAE6-1F3BEA9DCA6B}"
EndProject
Global
	GlobalSection(SolutionConfigurationPlatforms) = preSolution
		Debug|Any CPU = Debug|Any CPU
		Release|Any CPU = Release|Any CPU
	EndGlobalSection
	GlobalSection(ProjectConfigurationPlatforms) = postSolution
		{B7135FE5-5A95-4B04-AAE6-1F3BEA9DCA6B}.Debug|Any CPU.ActiveCfg = Debug|Any CPU
		{B7135FE5-5A95-4B04-AAE6-1F3BEA9DCA6B}.Debug|Any CPU.Build.0 = Debug|Any CPU
		{B7135FE5-5A95-4B04-AAE6-1F3BEA9DCA6B}.Release|Any CPU.ActiveCfg = Release|Any CPU
		{B7135FE5-5A95-4B04-AAE6-1F3BEA9DCA6B}.Release|Any CPU.Build.0 = Release|Any CPU
	EndGlobalSection
	GlobalSection(SolutionProperties) = preSolution
		HideSolutionNode = FALSE
	EndGlobalSection
	GlobalSection(ExtensibilityGlobals) = postSolution
		SolutionGuid = {36488FE0-AC3A-44D9-832E-6190CCF356AE}
	EndGlobalSection
EndGlobal
